
Microsoft Visual Studio Solution File, Format Version 12.00
# Visual Studio Version 17
VisualStudioVersion = 17.4.33213.308
MinimumVisualStudioVersion = 10.0.40219.1
Project("{FAE04EC0-301F-11D3-BF4B-00C04F79EFBC}") = "ConsoleMuveletek", "ConsoleMuveletek\ConsoleMuveletek.csproj", "{96B89C94-067E-48BE-AD38-1DBE4CA7FFAB}"
EndProject
Global
	GlobalSection(SolutionConfigurationPlatforms) = preSolution
		Debug|Any CPU = Debug|Any CPU
		Release|Any CPU = Release|Any CPU
	EndGlobalSection
	GlobalSection(ProjectConfigurationPlatforms) = postSolution
		{96B89C94-067E-48BE-AD38-1DBE4CA7FFAB}.Debug|Any CPU.ActiveCfg = Debug|Any CPU
		{96B89C94-067E-48BE-AD38-1DBE4CA7FFAB}.Debug|Any CPU.Build.0 = Debug|Any CPU
		{96B89C94-067E-48BE-AD38-1DBE4CA7FFAB}.Release|Any CPU.ActiveCfg = Release|Any CPU
		{96B89C94-067E-48BE-AD38-1DBE4CA7FFAB}.Release|Any CPU.Build.0 = Release|Any CPU
	EndGlobalSection
	GlobalSection(SolutionProperties) = preSolution
		HideSolutionNode = FALSE
	EndGlobalSection
	GlobalSection(ExtensibilityGlobals) = postSolution
		SolutionGuid = {FD514FDF-BDE6-4998-9D20-7BB1A604A932}
	EndGlobalSection
EndGlobal
